
Microsoft Visual Studio Solution File, Format Version 12.00
# Visual Studio Version 18
VisualStudioVersion = 18.0.11205.157
MinimumVisualStudioVersion = 10.0.40219.1
Project("{2150E333-8FDC-42A3-9474-1A3956D46DE8}") = "case1-memory-pressure", "case1-memory-pressure", "{9F940CE2-04BD-ABBE-6ED3-E72B1976E9EB}"
EndProject
Project("{2150E333-8FDC-42A3-9474-1A3956D46DE8}") = "problem", "problem", "{EB1BE382-324A-5602-74A2-9D3D42455D31}"
EndProject
Project("{FAE04EC0-301F-11D3-BF4B-00C04F79EFBC}") = "MemoryPressure", "case1-memory-pressure\problem\MemoryPressure.csproj", "{7705010D-DCC7-430A-A1B2-4666EC0AF458}"
EndProject
Project("{2150E333-8FDC-42A3-9474-1A3956D46DE8}") = "solved", "solved", "{589F71FA-2360-2F84-A1CA-4553B99AFC6D}"
EndProject
Project("{FAE04EC0-301F-11D3-BF4B-00C04F79EFBC}") = "MemoryPressure.Solved", "case1-memory-pressure\solved\MemoryPressure.Solved.csproj", "{A47FFA75-9906-43FC-B4F9-E473420016CE}"
EndProject
Project("{2150E333-8FDC-42A3-9474-1A3956D46DE8}") = "case2-locking-scope", "case2-locking-scope", "{3398765E-64AA-F947-94D2-AEEA994AD6E6}"
EndProject
Project("{2150E333-8FDC-42A3-9474-1A3956D46DE8}") = "problem", "problem", "{8642D8AD-CED2-3C64-CEC8-E67F88ADA98C}"
EndProject
Project("{FAE04EC0-301F-11D3-BF4B-00C04F79EFBC}") = "LockingScope", "case2-locking-scope\problem\LockingScope.csproj", "{D402C763-C740-46EB-A054-89A9B4A7FA58}"
EndProject
Project("{2150E333-8FDC-42A3-9474-1A3956D46DE8}") = "solved", "solved", "{C3798DD0-54A2-F588-461F-EA54B1CC64C5}"
EndProject
Project("{FAE04EC0-301F-11D3-BF4B-00C04F79EFBC}") = "LockingScope.Solved", "case2-locking-scope\solved\LockingScope.Solved.csproj", "{3BB09542-6192-46A5-B131-55918AD732B7}"
EndProject
Project("{2150E333-8FDC-42A3-9474-1A3956D46DE8}") = "case3-ui-thread-blocking", "case3-ui-thread-blocking", "{8601B7B7-CC95-45A7-8678-F04DB2E94122}"
EndProject
Project("{2150E333-8FDC-42A3-9474-1A3956D46DE8}") = "problem", "problem", "{E7430A93-0E9D-9963-3D2B-7F8DA8441B5A}"
EndProject
Project("{FAE04EC0-301F-11D3-BF4B-00C04F79EFBC}") = "UIThreadBlocking", "case3-ui-thread-blocking\problem\UIThreadBlocking.csproj", "{38095F4F-6037-4917-A0F4-6A22625D422A}"
EndProject
Project("{2150E333-8FDC-42A3-9474-1A3956D46DE8}") = "solved", "solved", "{286A974F-5102-856E-3112-F212BCBAF8CD}"
EndProject
Project("{FAE04EC0-301F-11D3-BF4B-00C04F79EFBC}") = "UIThreadBlocking.Solved", "case3-ui-thread-blocking\solved\UIThreadBlocking.Solved.csproj", "{61E61136-9BAC-4C15-8FFD-FD93D6A4D140}"
EndProject
Project("{2150E333-8FDC-42A3-9474-1A3956D46DE8}") = "case3.1-winui3-ui-blocking", "case3.1-winui3-ui-blocking", "{F1A2B3C4-D5E6-47F8-9A0B-1C2D3E4F5A6B}"
EndProject
Project("{2150E333-8FDC-42A3-9474-1A3956D46DE8}") = "problem", "problem", "{A1B2C3D4-E5F6-47A8-9B0C-1D2E3F4A5B6C}"
EndProject
Project("{FAE04EC0-301F-11D3-BF4B-00C04F79EFBC}") = "UIThreadBlocking.WinUI3.Problem", "case3.1-winui3-ui-blocking\problem\UIThreadBlocking.WinUI3.Problem.csproj", "{B2C3D4E5-F6A7-48B9-0C1D-2E3F4A5B6C7D}"
EndProject
Project("{2150E333-8FDC-42A3-9474-1A3956D46DE8}") = "solved", "solved", "{C3D4E5F6-A7B8-49CA-1D2E-3F4A5B6C7D8E}"
EndProject
Project("{FAE04EC0-301F-11D3-BF4B-00C04F79EFBC}") = "UIThreadBlocking.WinUI3.Solved", "case3.1-winui3-ui-blocking\solved\UIThreadBlocking.WinUI3.Solved.csproj", "{D4E5F6A7-B8C9-4ADB-2E3F-4A5B6C7D8E9F}"
EndProject
Project("{2150E333-8FDC-42A3-9474-1A3956D46DE8}") = "case3.2-winforms-ui-blocking", "case3.2-winforms-ui-blocking", "{E5F6A7B8-C9DA-4BEC-3F4A-5B6C7D8E9FA0}"
EndProject
Project("{2150E333-8FDC-42A3-9474-1A3956D46DE8}") = "problem", "problem", "{F6A7B8C9-DAEB-4CFC-4A5B-6C7D8E9FA0B1}"
EndProject
Project("{FAE04EC0-301F-11D3-BF4B-00C04F79EFBC}") = "UIThreadBlocking.WinForms.Problem", "case3.2-winforms-ui-blocking\problem\UIThreadBlocking.WinForms.Problem.csproj", "{A7B8C9DA-EBFC-4DFD-5B6C-7D8E9FA0B1C2}"
EndProject
Project("{2150E333-8FDC-42A3-9474-1A3956D46DE8}") = "solved", "solved", "{B8C9DAEB-FCFD-4EFE-6C7D-8E9FA0B1C2D3}"
EndProject
Project("{FAE04EC0-301F-11D3-BF4B-00C04F79EFBC}") = "UIThreadBlocking.WinForms.Solved", "case3.2-winforms-ui-blocking\solved\UIThreadBlocking.WinForms.Solved.csproj", "{C9DAEBFC-FDFE-4FFF-7D8E-9FA0B1C2D3E4}"
EndProject
Project("{2150E333-8FDC-42A3-9474-1A3956D46DE8}") = "case4-wpf-startup-performance", "case4-wpf-startup-performance", "{1A2B3C4D-5E6F-7A8B-9C0D-1E2F3A4B5C6D}"
EndProject
Project("{2150E333-8FDC-42A3-9474-1A3956D46DE8}") = "problem", "problem", "{2B3C4D5E-6F7A-8B9C-0D1E-2F3A4B5C6D7E}"
EndProject
Project("{FAE04EC0-301F-11D3-BF4B-00C04F79EFBC}") = "StartupPerformance.Problem", "case4-wpf-startup-performance\problem\StartupPerformance.Problem.csproj", "{3C4D5E6F-7A8B-9C0D-1E2F-3A4B5C6D7E8F}"
EndProject
Project("{2150E333-8FDC-42A3-9474-1A3956D46DE8}") = "solved1", "solved1", "{4D5E6F7A-8B9C-0D1E-2F3A-4B5C6D7E8F9A}"
EndProject
Project("{FAE04EC0-301F-11D3-BF4B-00C04F79EFBC}") = "StartupPerformance.Solved1", "case4-wpf-startup-performance\solved1\StartupPerformance.Solved1.csproj", "{5E6F7A8B-9C0D-1E2F-3A4B-5C6D7E8F9A0B}"
EndProject
Project("{2150E333-8FDC-42A3-9474-1A3956D46DE8}") = "solved2", "solved2", "{6F7A8B9C-0D1E-2F3A-4B5C-6D7E8F9A0B1C}"
EndProject
Project("{FAE04EC0-301F-11D3-BF4B-00C04F79EFBC}") = "StartupPerformance.Solved2", "case4-wpf-startup-performance\solved2\StartupPerformance.Solved2.csproj", "{7A8B9C0D-1E2F-3A4B-5C6D-7E8F9A0B1C2D}"
EndProject
Project("{2150E333-8FDC-42A3-9474-1A3956D46DE8}") = "case5-algorithm-benchmark", "case5-algorithm-benchmark", "{25FFA536-041F-00F1-C969-B09BFE2DE622}"
EndProject
Project("{2150E333-8FDC-42A3-9474-1A3956D46DE8}") = "benchmark", "benchmark", "{BA1C4770-4109-ADFB-0C11-BB24C7F84976}"
EndProject
Project("{FAE04EC0-301F-11D3-BF4B-00C04F79EFBC}") = "AlgorithmBenchmark", "case5-algorithm-benchmark\benchmark\AlgorithmBenchmark.csproj", "{8D620EB2-7741-41FA-96E3-13B1B0F05430}"
EndProject
Project("{2150E333-8FDC-42A3-9474-1A3956D46DE8}") = "case6-ui-virtualization", "case6-ui-virtualization", "{8B9C0D1E-2F3A-4B5C-6D7E-8F9A0B1C2D3E}"
EndProject
Project("{2150E333-8FDC-42A3-9474-1A3956D46DE8}") = "problem", "problem", "{9C0D1E2F-3A4B-5C6D-7E8F-9A0B1C2D3E4F}"
EndProject
Project("{FAE04EC0-301F-11D3-BF4B-00C04F79EFBC}") = "UIVirtualization.Problem", "case6-ui-virtualization\problem\UIVirtualization.Problem.csproj", "{0D1E2F3A-4B5C-6D7E-8F9A-0B1C2D3E4F5A}"
EndProject
Project("{2150E333-8FDC-42A3-9474-1A3956D46DE8}") = "solved", "solved", "{1E2F3A4B-5C6D-7E8F-9A0B-1C2D3E4F5A6B}"
EndProject
Project("{FAE04EC0-301F-11D3-BF4B-00C04F79EFBC}") = "UIVirtualization.Solved", "case6-ui-virtualization\solved\UIVirtualization.Solved.csproj", "{2F3A4B5C-6D7E-8F9A-0B1C-2D3E4F5A6B7C}"
EndProject
Project("{2150E333-8FDC-42A3-9474-1A3956D46DE8}") = "data", "data", "{4955E6D4-250B-4D61-A04C-0DEEB7C3EDC1}"
	ProjectSection(SolutionItems) = preProject
		case4-wpf-startup-performance\data\clientes-dev.csv = case4-wpf-startup-performance\data\clientes-dev.csv
		case4-wpf-startup-performance\data\clientes-prod.csv = case4-wpf-startup-performance\data\clientes-prod.csv
	EndProjectSection
EndProject
Project("{2150E333-8FDC-42A3-9474-1A3956D46DE8}") = "scripts-locais", "scripts-locais", "{5692E565-120A-4894-B5DB-794B52DE97E4}"
	ProjectSection(SolutionItems) = preProject
		..\module9\scripts\case1-memory-pressure.ps1 = ..\module9\scripts\case1-memory-pressure.ps1
		..\module9\scripts\case2-locking-contention.ps1 = ..\module9\scripts\case2-locking-contention.ps1
		..\module9\scripts\case3-ui-blocking.ps1 = ..\module9\scripts\case3-ui-blocking.ps1
		..\module9\scripts\case4-startup-time.ps1 = ..\module9\scripts\case4-startup-time.ps1
		..\module9\scripts\case5-benchmark.ps1 = ..\module9\scripts\case5-benchmark.ps1
		..\module9\scripts\case6-ui-virtualization.ps1 = ..\module9\scripts\case6-ui-virtualization.ps1
	EndProjectSection
EndProject
Project("{2150E333-8FDC-42A3-9474-1A3956D46DE8}") = "common", "common", "{68A2BEDE-6C19-4134-841C-1A16CF23E709}"
	ProjectSection(SolutionItems) = preProject
		..\module9\scripts\common\profiler-helpers.ps1 = ..\module9\scripts\common\profiler-helpers.ps1
		..\module9\scripts\common\thresholds.json = ..\module9\scripts\common\thresholds.json
	EndProjectSection
EndProject
Global
	GlobalSection(SolutionConfigurationPlatforms) = preSolution
		Debug|Any CPU = Debug|Any CPU
		Debug|x64 = Debug|x64
		Debug|x86 = Debug|x86
		Release|Any CPU = Release|Any CPU
		Release|x64 = Release|x64
		Release|x86 = Release|x86
	EndGlobalSection
	GlobalSection(ProjectConfigurationPlatforms) = postSolution
		{7705010D-DCC7-430A-A1B2-4666EC0AF458}.Debug|Any CPU.ActiveCfg = Debug|Any CPU
		{7705010D-DCC7-430A-A1B2-4666EC0AF458}.Debug|Any CPU.Build.0 = Debug|Any CPU
		{7705010D-DCC7-430A-A1B2-4666EC0AF458}.Debug|x64.ActiveCfg = Debug|Any CPU
		{7705010D-DCC7-430A-A1B2-4666EC0AF458}.Debug|x64.Build.0 = Debug|Any CPU
		{7705010D-DCC7-430A-A1B2-4666EC0AF458}.Debug|x86.ActiveCfg = Debug|Any CPU
		{7705010D-DCC7-430A-A1B2-4666EC0AF458}.Debug|x86.Build.0 = Debug|Any CPU
		{7705010D-DCC7-430A-A1B2-4666EC0AF458}.Release|Any CPU.ActiveCfg = Release|Any CPU
		{7705010D-DCC7-430A-A1B2-4666EC0AF458}.Release|Any CPU.Build.0 = Release|Any CPU
		{7705010D-DCC7-430A-A1B2-4666EC0AF458}.Release|x64.ActiveCfg = Release|Any CPU
		{7705010D-DCC7-430A-A1B2-4666EC0AF458}.Release|x64.Build.0 = Release|Any CPU
		{7705010D-DCC7-430A-A1B2-4666EC0AF458}.Release|x86.ActiveCfg = Release|Any CPU
		{7705010D-DCC7-430A-A1B2-4666EC0AF458}.Release|x86.Build.0 = Release|Any CPU
		{A47FFA75-9906-43FC-B4F9-E473420016CE}.Debug|Any CPU.ActiveCfg = Debug|Any CPU
		{A47FFA75-9906-43FC-B4F9-E473420016CE}.Debug|Any CPU.Build.0 = Debug|Any CPU
		{A47FFA75-9906-43FC-B4F9-E473420016CE}.Debug|x64.ActiveCfg = Debug|Any CPU
		{A47FFA75-9906-43FC-B4F9-E473420016CE}.Debug|x64.Build.0 = Debug|Any CPU
		{A47FFA75-9906-43FC-B4F9-E473420016CE}.Debug|x86.ActiveCfg = Debug|Any CPU
		{A47FFA75-9906-43FC-B4F9-E473420016CE}.Debug|x86.Build.0 = Debug|Any CPU
		{A47FFA75-9906-43FC-B4F9-E473420016CE}.Release|Any CPU.ActiveCfg = Release|Any CPU
		{A47FFA75-9906-43FC-B4F9-E473420016CE}.Release|Any CPU.Build.0 = Release|Any CPU
		{A47FFA75-9906-43FC-B4F9-E473420016CE}.Release|x64.ActiveCfg = Release|Any CPU
		{A47FFA75-9906-43FC-B4F9-E473420016CE}.Release|x64.Build.0 = Release|Any CPU
		{A47FFA75-9906-43FC-B4F9-E473420016CE}.Release|x86.ActiveCfg = Release|Any CPU
		{A47FFA75-9906-43FC-B4F9-E473420016CE}.Release|x86.Build.0 = Release|Any CPU
		{D402C763-C740-46EB-A054-89A9B4A7FA58}.Debug|Any CPU.ActiveCfg = Debug|Any CPU
		{D402C763-C740-46EB-A054-89A9B4A7FA58}.Debug|Any CPU.Build.0 = Debug|Any CPU
		{D402C763-C740-46EB-A054-89A9B4A7FA58}.Debug|x64.ActiveCfg = Debug|Any CPU
		{D402C763-C740-46EB-A054-89A9B4A7FA58}.Debug|x64.Build.0 = Debug|Any CPU
		{D402C763-C740-46EB-A054-89A9B4A7FA58}.Debug|x86.ActiveCfg = Debug|Any CPU
		{D402C763-C740-46EB-A054-89A9B4A7FA58}.Debug|x86.Build.0 = Debug|Any CPU
		{D402C763-C740-46EB-A054-89A9B4A7FA58}.Release|Any CPU.ActiveCfg = Release|Any CPU
		{D402C763-C740-46EB-A054-89A9B4A7FA58}.Release|Any CPU.Build.0 = Release|Any CPU
		{D402C763-C740-46EB-A054-89A9B4A7FA58}.Release|x64.ActiveCfg = Release|Any CPU
		{D402C763-C740-46EB-A054-89A9B4A7FA58}.Release|x64.Build.0 = Release|Any CPU
		{D402C763-C740-46EB-A054-89A9B4A7FA58}.Release|x86.ActiveCfg = Release|Any CPU
		{D402C763-C740-46EB-A054-89A9B4A7FA58}.Release|x86.Build.0 = Release|Any CPU
		{3BB09542-6192-46A5-B131-55918AD732B7}.Debug|Any CPU.ActiveCfg = Debug|Any CPU
		{3BB09542-6192-46A5-B131-55918AD732B7}.Debug|Any CPU.Build.0 = Debug|Any CPU
		{3BB09542-6192-46A5-B131-55918AD732B7}.Debug|x64.ActiveCfg = Debug|Any CPU
		{3BB09542-6192-46A5-B131-55918AD732B7}.Debug|x64.Build.0 = Debug|Any CPU
		{3BB09542-6192-46A5-B131-55918AD732B7}.Debug|x86.ActiveCfg = Debug|Any CPU
		{3BB09542-6192-46A5-B131-55918AD732B7}.Debug|x86.Build.0 = Debug|Any CPU
		{3BB09542-6192-46A5-B131-55918AD732B7}.Release|Any CPU.ActiveCfg = Release|Any CPU
		{3BB09542-6192-46A5-B131-55918AD732B7}.Release|Any CPU.Build.0 = Release|Any CPU
		{3BB09542-6192-46A5-B131-55918AD732B7}.Release|x64.ActiveCfg = Release|Any CPU
		{3BB09542-6192-46A5-B131-55918AD732B7}.Release|x64.Build.0 = Release|Any CPU
		{3BB09542-6192-46A5-B131-55918AD732B7}.Release|x86.ActiveCfg = Release|Any CPU
		{3BB09542-6192-46A5-B131-55918AD732B7}.Release|x86.Build.0 = Release|Any CPU
		{38095F4F-6037-4917-A0F4-6A22625D422A}.Debug|Any CPU.ActiveCfg = Debug|Any CPU
		{38095F4F-6037-4917-A0F4-6A22625D422A}.Debug|Any CPU.Build.0 = Debug|Any CPU
		{38095F4F-6037-4917-A0F4-6A22625D422A}.Debug|x64.ActiveCfg = Debug|Any CPU
		{38095F4F-6037-4917-A0F4-6A22625D422A}.Debug|x64.Build.0 = Debug|Any CPU
		{38095F4F-6037-4917-A0F4-6A22625D422A}.Debug|x86.ActiveCfg = Debug|Any CPU
		{38095F4F-6037-4917-A0F4-6A22625D422A}.Debug|x86.Build.0 = Debug|Any CPU
		{38095F4F-6037-4917-A0F4-6A22625D422A}.Release|Any CPU.ActiveCfg = Release|Any CPU
		{38095F4F-6037-4917-A0F4-6A22625D422A}.Release|Any CPU.Build.0 = Release|Any CPU
		{38095F4F-6037-4917-A0F4-6A22625D422A}.Release|x64.ActiveCfg = Release|Any CPU
		{38095F4F-6037-4917-A0F4-6A22625D422A}.Release|x64.Build.0 = Release|Any CPU
		{38095F4F-6037-4917-A0F4-6A22625D422A}.Release|x86.ActiveCfg = Release|Any CPU
		{38095F4F-6037-4917-A0F4-6A22625D422A}.Release|x86.Build.0 = Release|Any CPU
		{61E61136-9BAC-4C15-8FFD-FD93D6A4D140}.Debug|Any CPU.ActiveCfg = Debug|Any CPU
		{61E61136-9BAC-4C15-8FFD-FD93D6A4D140}.Debug|Any CPU.Build.0 = Debug|Any CPU
		{61E61136-9BAC-4C15-8FFD-FD93D6A4D140}.Debug|x64.ActiveCfg = Debug|Any CPU
		{61E61136-9BAC-4C15-8FFD-FD93D6A4D140}.Debug|x64.Build.0 = Debug|Any CPU
		{61E61136-9BAC-4C15-8FFD-FD93D6A4D140}.Debug|x86.ActiveCfg = Debug|Any CPU
		{61E61136-9BAC-4C15-8FFD-FD93D6A4D140}.Debug|x86.Build.0 = Debug|Any CPU
		{61E61136-9BAC-4C15-8FFD-FD93D6A4D140}.Release|Any CPU.ActiveCfg = Release|Any CPU
		{61E61136-9BAC-4C15-8FFD-FD93D6A4D140}.Release|Any CPU.Build.0 = Release|Any CPU
		{61E61136-9BAC-4C15-8FFD-FD93D6A4D140}.Release|x64.ActiveCfg = Release|Any CPU
		{61E61136-9BAC-4C15-8FFD-FD93D6A4D140}.Release|x64.Build.0 = Release|Any CPU
		{61E61136-9BAC-4C15-8FFD-FD93D6A4D140}.Release|x86.ActiveCfg = Release|Any CPU
		{61E61136-9BAC-4C15-8FFD-FD93D6A4D140}.Release|x86.Build.0 = Release|Any CPU
		{B2C3D4E5-F6A7-48B9-0C1D-2E3F4A5B6C7D}.Debug|Any CPU.ActiveCfg = Debug|x64
		{B2C3D4E5-F6A7-48B9-0C1D-2E3F4A5B6C7D}.Debug|Any CPU.Build.0 = Debug|x64
		{B2C3D4E5-F6A7-48B9-0C1D-2E3F4A5B6C7D}.Debug|x64.ActiveCfg = Debug|x64
		{B2C3D4E5-F6A7-48B9-0C1D-2E3F4A5B6C7D}.Debug|x64.Build.0 = Debug|x64
		{B2C3D4E5-F6A7-48B9-0C1D-2E3F4A5B6C7D}.Debug|x86.ActiveCfg = Debug|x86
		{B2C3D4E5-F6A7-48B9-0C1D-2E3F4A5B6C7D}.Debug|x86.Build.0 = Debug|x86
		{B2C3D4E5-F6A7-48B9-0C1D-2E3F4A5B6C7D}.Release|Any CPU.ActiveCfg = Release|x64
		{B2C3D4E5-F6A7-48B9-0C1D-2E3F4A5B6C7D}.Release|Any CPU.Build.0 = Release|x64
		{B2C3D4E5-F6A7-48B9-0C1D-2E3F4A5B6C7D}.Release|x64.ActiveCfg = Release|x64
		{B2C3D4E5-F6A7-48B9-0C1D-2E3F4A5B6C7D}.Release|x64.Build.0 = Release|x64
		{B2C3D4E5-F6A7-48B9-0C1D-2E3F4A5B6C7D}.Release|x86.ActiveCfg = Release|x86
		{B2C3D4E5-F6A7-48B9-0C1D-2E3F4A5B6C7D}.Release|x86.Build.0 = Release|x86
		{D4E5F6A7-B8C9-4ADB-2E3F-4A5B6C7D8E9F}.Debug|Any CPU.ActiveCfg = Debug|x64
		{D4E5F6A7-B8C9-4ADB-2E3F-4A5B6C7D8E9F}.Debug|Any CPU.Build.0 = Debug|x64
		{D4E5F6A7-B8C9-4ADB-2E3F-4A5B6C7D8E9F}.Debug|x64.ActiveCfg = Debug|x64
		{D4E5F6A7-B8C9-4ADB-2E3F-4A5B6C7D8E9F}.Debug|x64.Build.0 = Debug|x64
		{D4E5F6A7-B8C9-4ADB-2E3F-4A5B6C7D8E9F}.Debug|x86.ActiveCfg = Debug|x86
		{D4E5F6A7-B8C9-4ADB-2E3F-4A5B6C7D8E9F}.Debug|x86.Build.0 = Debug|x86
		{D4E5F6A7-B8C9-4ADB-2E3F-4A5B6C7D8E9F}.Release|Any CPU.ActiveCfg = Release|x64
		{D4E5F6A7-B8C9-4ADB-2E3F-4A5B6C7D8E9F}.Release|Any CPU.Build.0 = Release|x64
		{D4E5F6A7-B8C9-4ADB-2E3F-4A5B6C7D8E9F}.Release|x64.ActiveCfg = Release|x64
		{D4E5F6A7-B8C9-4ADB-2E3F-4A5B6C7D8E9F}.Release|x64.Build.0 = Release|x64
		{D4E5F6A7-B8C9-4ADB-2E3F-4A5B6C7D8E9F}.Release|x86.ActiveCfg = Release|x86
		{D4E5F6A7-B8C9-4ADB-2E3F-4A5B6C7D8E9F}.Release|x86.Build.0 = Release|x86
		{A7B8C9DA-EBFC-4DFD-5B6C-7D8E9FA0B1C2}.Debug|Any CPU.ActiveCfg = Debug|Any CPU
		{A7B8C9DA-EBFC-4DFD-5B6C-7D8E9FA0B1C2}.Debug|Any CPU.Build.0 = Debug|Any CPU
		{A7B8C9DA-EBFC-4DFD-5B6C-7D8E9FA0B1C2}.Debug|x64.ActiveCfg = Debug|Any CPU
		{A7B8C9DA-EBFC-4DFD-5B6C-7D8E9FA0B1C2}.Debug|x64.Build.0 = Debug|Any CPU
		{A7B8C9DA-EBFC-4DFD-5B6C-7D8E9FA0B1C2}.Debug|x86.ActiveCfg = Debug|Any CPU
		{A7B8C9DA-EBFC-4DFD-5B6C-7D8E9FA0B1C2}.Debug|x86.Build.0 = Debug|Any CPU
		{A7B8C9DA-EBFC-4DFD-5B6C-7D8E9FA0B1C2}.Release|Any CPU.ActiveCfg = Release|Any CPU
		{A7B8C9DA-EBFC-4DFD-5B6C-7D8E9FA0B1C2}.Release|Any CPU.Build.0 = Release|Any CPU
		{A7B8C9DA-EBFC-4DFD-5B6C-7D8E9FA0B1C2}.Release|x64.ActiveCfg = Release|Any CPU
		{A7B8C9DA-EBFC-4DFD-5B6C-7D8E9FA0B1C2}.Release|x64.Build.0 = Release|Any CPU
		{A7B8C9DA-EBFC-4DFD-5B6C-7D8E9FA0B1C2}.Release|x86.ActiveCfg = Release|Any CPU
		{A7B8C9DA-EBFC-4DFD-5B6C-7D8E9FA0B1C2}.Release|x86.Build.0 = Release|Any CPU
		{C9DAEBFC-FDFE-4FFF-7D8E-9FA0B1C2D3E4}.Debug|Any CPU.ActiveCfg = Debug|Any CPU
		{C9DAEBFC-FDFE-4FFF-7D8E-9FA0B1C2D3E4}.Debug|Any CPU.Build.0 = Debug|Any CPU
		{C9DAEBFC-FDFE-4FFF-7D8E-9FA0B1C2D3E4}.Debug|x64.ActiveCfg = Debug|Any CPU
		{C9DAEBFC-FDFE-4FFF-7D8E-9FA0B1C2D3E4}.Debug|x64.Build.0 = Debug|Any CPU
		{C9DAEBFC-FDFE-4FFF-7D8E-9FA0B1C2D3E4}.Debug|x86.ActiveCfg = Debug|Any CPU
		{C9DAEBFC-FDFE-4FFF-7D8E-9FA0B1C2D3E4}.Debug|x86.Build.0 = Debug|Any CPU
		{C9DAEBFC-FDFE-4FFF-7D8E-9FA0B1C2D3E4}.Release|Any CPU.ActiveCfg = Release|Any CPU
		{C9DAEBFC-FDFE-4FFF-7D8E-9FA0B1C2D3E4}.Release|Any CPU.Build.0 = Release|Any CPU
		{C9DAEBFC-FDFE-4FFF-7D8E-9FA0B1C2D3E4}.Release|x64.ActiveCfg = Release|Any CPU
		{C9DAEBFC-FDFE-4FFF-7D8E-9FA0B1C2D3E4}.Release|x64.Build.0 = Release|Any CPU
		{C9DAEBFC-FDFE-4FFF-7D8E-9FA0B1C2D3E4}.Release|x86.ActiveCfg = Release|Any CPU
		{C9DAEBFC-FDFE-4FFF-7D8E-9FA0B1C2D3E4}.Release|x86.Build.0 = Release|Any CPU
		{3C4D5E6F-7A8B-9C0D-1E2F-3A4B5C6D7E8F}.Debug|Any CPU.ActiveCfg = Debug|Any CPU
		{3C4D5E6F-7A8B-9C0D-1E2F-3A4B5C6D7E8F}.Debug|Any CPU.Build.0 = Debug|Any CPU
		{3C4D5E6F-7A8B-9C0D-1E2F-3A4B5C6D7E8F}.Debug|x64.ActiveCfg = Debug|Any CPU
		{3C4D5E6F-7A8B-9C0D-1E2F-3A4B5C6D7E8F}.Debug|x64.Build.0 = Debug|Any CPU
		{3C4D5E6F-7A8B-9C0D-1E2F-3A4B5C6D7E8F}.Debug|x86.ActiveCfg = Debug|Any CPU
		{3C4D5E6F-7A8B-9C0D-1E2F-3A4B5C6D7E8F}.Debug|x86.Build.0 = Debug|Any CPU
		{3C4D5E6F-7A8B-9C0D-1E2F-3A4B5C6D7E8F}.Release|Any CPU.ActiveCfg = Release|Any CPU
		{3C4D5E6F-7A8B-9C0D-1E2F-3A4B5C6D7E8F}.Release|Any CPU.Build.0 = Release|Any CPU
		{3C4D5E6F-7A8B-9C0D-1E2F-3A4B5C6D7E8F}.Release|x64.ActiveCfg = Release|Any CPU
		{3C4D5E6F-7A8B-9C0D-1E2F-3A4B5C6D7E8F}.Release|x64.Build.0 = Release|Any CPU
		{3C4D5E6F-7A8B-9C0D-1E2F-3A4B5C6D7E8F}.Release|x86.ActiveCfg = Release|Any CPU
		{3C4D5E6F-7A8B-9C0D-1E2F-3A4B5C6D7E8F}.Release|x86.Build.0 = Release|Any CPU
		{5E6F7A8B-9C0D-1E2F-3A4B-5C6D7E8F9A0B}.Debug|Any CPU.ActiveCfg = Debug|Any CPU
		{5E6F7A8B-9C0D-1E2F-3A4B-5C6D7E8F9A0B}.Debug|Any CPU.Build.0 = Debug|Any CPU
		{5E6F7A8B-9C0D-1E2F-3A4B-5C6D7E8F9A0B}.Debug|x64.ActiveCfg = Debug|Any CPU
		{5E6F7A8B-9C0D-1E2F-3A4B-5C6D7E8F9A0B}.Debug|x64.Build.0 = Debug|Any CPU
		{5E6F7A8B-9C0D-1E2F-3A4B-5C6D7E8F9A0B}.Debug|x86.ActiveCfg = Debug|Any CPU
		{5E6F7A8B-9C0D-1E2F-3A4B-5C6D7E8F9A0B}.Debug|x86.Build.0 = Debug|Any CPU
		{5E6F7A8B-9C0D-1E2F-3A4B-5C6D7E8F9A0B}.Release|Any CPU.ActiveCfg = Release|Any CPU
		{5E6F7A8B-9C0D-1E2F-3A4B-5C6D7E8F9A0B}.Release|Any CPU.Build.0 = Release|Any CPU
		{5E6F7A8B-9C0D-1E2F-3A4B-5C6D7E8F9A0B}.Release|x64.ActiveCfg = Release|Any CPU
		{5E6F7A8B-9C0D-1E2F-3A4B-5C6D7E8F9A0B}.Release|x64.Build.0 = Release|Any CPU
		{5E6F7A8B-9C0D-1E2F-3A4B-5C6D7E8F9A0B}.Release|x86.ActiveCfg = Release|Any CPU
		{5E6F7A8B-9C0D-1E2F-3A4B-5C6D7E8F9A0B}.Release|x86.Build.0 = Release|Any CPU
		{7A8B9C0D-1E2F-3A4B-5C6D-7E8F9A0B1C2D}.Debug|Any CPU.ActiveCfg = Debug|Any CPU
		{7A8B9C0D-1E2F-3A4B-5C6D-7E8F9A0B1C2D}.Debug|Any CPU.Build.0 = Debug|Any CPU
		{7A8B9C0D-1E2F-3A4B-5C6D-7E8F9A0B1C2D}.Debug|x64.ActiveCfg = Debug|Any CPU
		{7A8B9C0D-1E2F-3A4B-5C6D-7E8F9A0B1C2D}.Debug|x64.Build.0 = Debug|Any CPU
		{7A8B9C0D-1E2F-3A4B-5C6D-7E8F9A0B1C2D}.Debug|x86.ActiveCfg = Debug|Any CPU
		{7A8B9C0D-1E2F-3A4B-5C6D-7E8F9A0B1C2D}.Debug|x86.Build.0 = Debug|Any CPU
		{7A8B9C0D-1E2F-3A4B-5C6D-7E8F9A0B1C2D}.Release|Any CPU.ActiveCfg = Release|Any CPU
		{7A8B9C0D-1E2F-3A4B-5C6D-7E8F9A0B1C2D}.Release|Any CPU.Build.0 = Release|Any CPU
		{7A8B9C0D-1E2F-3A4B-5C6D-7E8F9A0B1C2D}.Release|x64.ActiveCfg = Release|Any CPU
		{7A8B9C0D-1E2F-3A4B-5C6D-7E8F9A0B1C2D}.Release|x64.Build.0 = Release|Any CPU
		{7A8B9C0D-1E2F-3A4B-5C6D-7E8F9A0B1C2D}.Release|x86.ActiveCfg = Release|Any CPU
		{7A8B9C0D-1E2F-3A4B-5C6D-7E8F9A0B1C2D}.Release|x86.Build.0 = Release|Any CPU
		{8D620EB2-7741-41FA-96E3-13B1B0F05430}.Debug|Any CPU.ActiveCfg = Debug|Any CPU
		{8D620EB2-7741-41FA-96E3-13B1B0F05430}.Debug|Any CPU.Build.0 = Debug|Any CPU
		{8D620EB2-7741-41FA-96E3-13B1B0F05430}.Debug|x64.ActiveCfg = Debug|Any CPU
		{8D620EB2-7741-41FA-96E3-13B1B0F05430}.Debug|x64.Build.0 = Debug|Any CPU
		{8D620EB2-7741-41FA-96E3-13B1B0F05430}.Debug|x86.ActiveCfg = Debug|Any CPU
		{8D620EB2-7741-41FA-96E3-13B1B0F05430}.Debug|x86.Build.0 = Debug|Any CPU
		{8D620EB2-7741-41FA-96E3-13B1B0F05430}.Release|Any CPU.ActiveCfg = Release|Any CPU
		{8D620EB2-7741-41FA-96E3-13B1B0F05430}.Release|Any CPU.Build.0 = Release|Any CPU
		{8D620EB2-7741-41FA-96E3-13B1B0F05430}.Release|x64.ActiveCfg = Release|Any CPU
		{8D620EB2-7741-41FA-96E3-13B1B0F05430}.Release|x64.Build.0 = Release|Any CPU
		{8D620EB2-7741-41FA-96E3-13B1B0F05430}.Release|x86.ActiveCfg = Release|Any CPU
		{8D620EB2-7741-41FA-96E3-13B1B0F05430}.Release|x86.Build.0 = Release|Any CPU
		{0D1E2F3A-4B5C-6D7E-8F9A-0B1C2D3E4F5A}.Debug|Any CPU.ActiveCfg = Debug|Any CPU
		{0D1E2F3A-4B5C-6D7E-8F9A-0B1C2D3E4F5A}.Debug|Any CPU.Build.0 = Debug|Any CPU
		{0D1E2F3A-4B5C-6D7E-8F9A-0B1C2D3E4F5A}.Debug|x64.ActiveCfg = Debug|Any CPU
		{0D1E2F3A-4B5C-6D7E-8F9A-0B1C2D3E4F5A}.Debug|x64.Build.0 = Debug|Any CPU
		{0D1E2F3A-4B5C-6D7E-8F9A-0B1C2D3E4F5A}.Debug|x86.ActiveCfg = Debug|Any CPU
		{0D1E2F3A-4B5C-6D7E-8F9A-0B1C2D3E4F5A}.Debug|x86.Build.0 = Debug|Any CPU
		{0D1E2F3A-4B5C-6D7E-8F9A-0B1C2D3E4F5A}.Release|Any CPU.ActiveCfg = Release|Any CPU
		{0D1E2F3A-4B5C-6D7E-8F9A-0B1C2D3E4F5A}.Release|Any CPU.Build.0 = Release|Any CPU
		{0D1E2F3A-4B5C-6D7E-8F9A-0B1C2D3E4F5A}.Release|x64.ActiveCfg = Release|Any CPU
		{0D1E2F3A-4B5C-6D7E-8F9A-0B1C2D3E4F5A}.Release|x64.Build.0 = Release|Any CPU
		{0D1E2F3A-4B5C-6D7E-8F9A-0B1C2D3E4F5A}.Release|x86.ActiveCfg = Release|Any CPU
		{0D1E2F3A-4B5C-6D7E-8F9A-0B1C2D3E4F5A}.Release|x86.Build.0 = Release|Any CPU
		{2F3A4B5C-6D7E-8F9A-0B1C-2D3E4F5A6B7C}.Debug|Any CPU.ActiveCfg = Debug|Any CPU
		{2F3A4B5C-6D7E-8F9A-0B1C-2D3E4F5A6B7C}.Debug|Any CPU.Build.0 = Debug|Any CPU
		{2F3A4B5C-6D7E-8F9A-0B1C-2D3E4F5A6B7C}.Debug|x64.ActiveCfg = Debug|Any CPU
		{2F3A4B5C-6D7E-8F9A-0B1C-2D3E4F5A6B7C}.Debug|x64.Build.0 = Debug|Any CPU
		{2F3A4B5C-6D7E-8F9A-0B1C-2D3E4F5A6B7C}.Debug|x86.ActiveCfg = Debug|Any CPU
		{2F3A4B5C-6D7E-8F9A-0B1C-2D3E4F5A6B7C}.Debug|x86.Build.0 = Debug|Any CPU
		{2F3A4B5C-6D7E-8F9A-0B1C-2D3E4F5A6B7C}.Release|Any CPU.ActiveCfg = Release|Any CPU
		{2F3A4B5C-6D7E-8F9A-0B1C-2D3E4F5A6B7C}.Release|Any CPU.Build.0 = Release|Any CPU
		{2F3A4B5C-6D7E-8F9A-0B1C-2D3E4F5A6B7C}.Release|x64.ActiveCfg = Release|Any CPU
		{2F3A4B5C-6D7E-8F9A-0B1C-2D3E4F5A6B7C}.Release|x64.Build.0 = Release|Any CPU
		{2F3A4B5C-6D7E-8F9A-0B1C-2D3E4F5A6B7C}.Release|x86.ActiveCfg = Release|Any CPU
		{2F3A4B5C-6D7E-8F9A-0B1C-2D3E4F5A6B7C}.Release|x86.Build.0 = Release|Any CPU
	EndGlobalSection
	GlobalSection(SolutionProperties) = preSolution
		HideSolutionNode = FALSE
	EndGlobalSection
	GlobalSection(NestedProjects) = preSolution
		{EB1BE382-324A-5602-74A2-9D3D42455D31} = {9F940CE2-04BD-ABBE-6ED3-E72B1976E9EB}
		{7705010D-DCC7-430A-A1B2-4666EC0AF458} = {EB1BE382-324A-5602-74A2-9D3D42455D31}
		{589F71FA-2360-2F84-A1CA-4553B99AFC6D} = {9F940CE2-04BD-ABBE-6ED3-E72B1976E9EB}
		{A47FFA75-9906-43FC-B4F9-E473420016CE} = {589F71FA-2360-2F84-A1CA-4553B99AFC6D}
		{8642D8AD-CED2-3C64-CEC8-E67F88ADA98C} = {3398765E-64AA-F947-94D2-AEEA994AD6E6}
		{D402C763-C740-46EB-A054-89A9B4A7FA58} = {8642D8AD-CED2-3C64-CEC8-E67F88ADA98C}
		{C3798DD0-54A2-F588-461F-EA54B1CC64C5} = {3398765E-64AA-F947-94D2-AEEA994AD6E6}
		{3BB09542-6192-46A5-B131-55918AD732B7} = {C3798DD0-54A2-F588-461F-EA54B1CC64C5}
		{E7430A93-0E9D-9963-3D2B-7F8DA8441B5A} = {8601B7B7-CC95-45A7-8678-F04DB2E94122}
		{38095F4F-6037-4917-A0F4-6A22625D422A} = {E7430A93-0E9D-9963-3D2B-7F8DA8441B5A}
		{286A974F-5102-856E-3112-F212BCBAF8CD} = {8601B7B7-CC95-45A7-8678-F04DB2E94122}
		{61E61136-9BAC-4C15-8FFD-FD93D6A4D140} = {286A974F-5102-856E-3112-F212BCBAF8CD}
		{A1B2C3D4-E5F6-47A8-9B0C-1D2E3F4A5B6C} = {F1A2B3C4-D5E6-47F8-9A0B-1C2D3E4F5A6B}
		{B2C3D4E5-F6A7-48B9-0C1D-2E3F4A5B6C7D} = {A1B2C3D4-E5F6-47A8-9B0C-1D2E3F4A5B6C}
		{C3D4E5F6-A7B8-49CA-1D2E-3F4A5B6C7D8E} = {F1A2B3C4-D5E6-47F8-9A0B-1C2D3E4F5A6B}
		{D4E5F6A7-B8C9-4ADB-2E3F-4A5B6C7D8E9F} = {C3D4E5F6-A7B8-49CA-1D2E-3F4A5B6C7D8E}
		{F6A7B8C9-DAEB-4CFC-4A5B-6C7D8E9FA0B1} = {E5F6A7B8-C9DA-4BEC-3F4A-5B6C7D8E9FA0}
		{A7B8C9DA-EBFC-4DFD-5B6C-7D8E9FA0B1C2} = {F6A7B8C9-DAEB-4CFC-4A5B-6C7D8E9FA0B1}
		{B8C9DAEB-FCFD-4EFE-6C7D-8E9FA0B1C2D3} = {E5F6A7B8-C9DA-4BEC-3F4A-5B6C7D8E9FA0}
		{C9DAEBFC-FDFE-4FFF-7D8E-9FA0B1C2D3E4} = {B8C9DAEB-FCFD-4EFE-6C7D-8E9FA0B1C2D3}
		{2B3C4D5E-6F7A-8B9C-0D1E-2F3A4B5C6D7E} = {1A2B3C4D-5E6F-7A8B-9C0D-1E2F3A4B5C6D}
		{3C4D5E6F-7A8B-9C0D-1E2F-3A4B5C6D7E8F} = {2B3C4D5E-6F7A-8B9C-0D1E-2F3A4B5C6D7E}
		{4D5E6F7A-8B9C-0D1E-2F3A-4B5C6D7E8F9A} = {1A2B3C4D-5E6F-7A8B-9C0D-1E2F3A4B5C6D}
		{5E6F7A8B-9C0D-1E2F-3A4B-5C6D7E8F9A0B} = {4D5E6F7A-8B9C-0D1E-2F3A-4B5C6D7E8F9A}
		{6F7A8B9C-0D1E-2F3A-4B5C-6D7E8F9A0B1C} = {1A2B3C4D-5E6F-7A8B-9C0D-1E2F3A4B5C6D}
		{7A8B9C0D-1E2F-3A4B-5C6D-7E8F9A0B1C2D} = {6F7A8B9C-0D1E-2F3A-4B5C-6D7E8F9A0B1C}
		{BA1C4770-4109-ADFB-0C11-BB24C7F84976} = {25FFA536-041F-00F1-C969-B09BFE2DE622}
		{8D620EB2-7741-41FA-96E3-13B1B0F05430} = {BA1C4770-4109-ADFB-0C11-BB24C7F84976}
		{9C0D1E2F-3A4B-5C6D-7E8F-9A0B1C2D3E4F} = {8B9C0D1E-2F3A-4B5C-6D7E-8F9A0B1C2D3E}
		{0D1E2F3A-4B5C-6D7E-8F9A-0B1C2D3E4F5A} = {9C0D1E2F-3A4B-5C6D-7E8F-9A0B1C2D3E4F}
		{1E2F3A4B-5C6D-7E8F-9A0B-1C2D3E4F5A6B} = {8B9C0D1E-2F3A-4B5C-6D7E-8F9A0B1C2D3E}
		{2F3A4B5C-6D7E-8F9A-0B1C-2D3E4F5A6B7C} = {1E2F3A4B-5C6D-7E8F-9A0B-1C2D3E4F5A6B}
		{4955E6D4-250B-4D61-A04C-0DEEB7C3EDC1} = {1A2B3C4D-5E6F-7A8B-9C0D-1E2F3A4B5C6D}
		{68A2BEDE-6C19-4134-841C-1A16CF23E709} = {5692E565-120A-4894-B5DB-794B52DE97E4}
	EndGlobalSection
	GlobalSection(ExtensibilityGlobals) = postSolution
		SolutionGuid = {E592CFA8-5D1C-4597-A098-95C32A86341C}
	EndGlobalSection
EndGlobal
