Microsoft Visual Studio Solution File, Format Version 12.00
# Visual Studio Version 17
VisualStudioVersion = 17.0.31903.59
MinimumVisualStudioVersion = 10.0.40219.1
Project("{8BC9CEB8-8B4A-11D0-8D11-00A0C91BC942}") = "HelloWorldCpp", "HelloWorldCpp.vcxproj", "{12345678-1234-5678-9012-123456789012}"
EndProject
Project("{9A19103F-16F7-4668-BE54-9A1E7A4F7556}") = "HelloWorldCs", "HelloWorldCs.csproj", "{87654321-4321-8765-2109-876543210987}"
EndProject
Global
	GlobalSection(SolutionConfigurationPlatforms) = preSolution
		Debug|Any CPU = Debug|Any CPU
		Debug|x64 = Debug|x64
		Debug|x86 = Debug|x86
		Release|Any CPU = Release|Any CPU
		Release|x64 = Release|x64
		Release|x86 = Release|x86
	EndGlobalSection
	GlobalSection(ProjectConfigurationPlatforms) = postSolution
		{12345678-1234-5678-9012-123456789012}.Debug|Any CPU.ActiveCfg = Debug|Win32
		{12345678-1234-5678-9012-123456789012}.Debug|x64.ActiveCfg = Debug|x64
		{12345678-1234-5678-9012-123456789012}.Debug|x64.Build.0 = Debug|x64
		{12345678-1234-5678-9012-123456789012}.Debug|x86.ActiveCfg = Debug|Win32
		{12345678-1234-5678-9012-123456789012}.Debug|x86.Build.0 = Debug|Win32
		{12345678-1234-5678-9012-123456789012}.Release|Any CPU.ActiveCfg = Release|Win32
		{12345678-1234-5678-9012-123456789012}.Release|x64.ActiveCfg = Release|x64
		{12345678-1234-5678-9012-123456789012}.Release|x64.Build.0 = Release|x64
		{12345678-1234-5678-9012-123456789012}.Release|x86.ActiveCfg = Release|Win32
		{12345678-1234-5678-9012-123456789012}.Release|x86.Build.0 = Release|Win32
		{87654321-4321-8765-2109-876543210987}.Debug|Any CPU.ActiveCfg = Debug|Any CPU
		{87654321-4321-8765-2109-876543210987}.Debug|Any CPU.Build.0 = Debug|Any CPU
		{87654321-4321-8765-2109-876543210987}.Debug|x64.ActiveCfg = Debug|Any CPU
		{87654321-4321-8765-2109-876543210987}.Debug|x64.Build.0 = Debug|Any CPU
		{87654321-4321-8765-2109-876543210987}.Debug|x86.ActiveCfg = Debug|Any CPU
		{87654321-4321-8765-2109-876543210987}.Debug|x86.Build.0 = Debug|Any CPU
		{87654321-4321-8765-2109-876543210987}.Release|Any CPU.ActiveCfg = Release|Any CPU
		{87654321-4321-8765-2109-876543210987}.Release|Any CPU.Build.0 = Release|Any CPU
		{87654321-4321-8765-2109-876543210987}.Release|x64.ActiveCfg = Release|Any CPU
		{87654321-4321-8765-2109-876543210987}.Release|x64.Build.0 = Release|Any CPU
		{87654321-4321-8765-2109-876543210987}.Release|x86.ActiveCfg = Release|Any CPU
		{87654321-4321-8765-2109-876543210987}.Release|x86.Build.0 = Release|Any CPU
	EndGlobalSection
	GlobalSection(SolutionProperties) = preSolution
		HideSolutionNode = FALSE
	EndGlobalSection
	GlobalSection(ExtensibilityGlobals) = postSolution
		SolutionGuid = {ABCDEFGH-IJKL-MNOP-QRST-UVWXYZ123456}
	EndGlobalSection
EndGlobal
