
Microsoft Visual Studio Solution File, Format Version 12.00
# Visual Studio Version 17
VisualStudioVersion = 17.11.35208.52
MinimumVisualStudioVersion = 10.0.40219.1
Project("{9A19103F-16F7-4668-BE54-9A1E7A4F7556}") = "EtlReader", "EtlReader\EtlReader.csproj", "{72F1FD6B-DB90-4D88-AB6A-84A8C70DA9FC}"
EndProject
Global
	GlobalSection(SolutionConfigurationPlatforms) = preSolution
		Debug|Any CPU = Debug|Any CPU
		Release|Any CPU = Release|Any CPU
	EndGlobalSection
	GlobalSection(ProjectConfigurationPlatforms) = postSolution
		{72F1FD6B-DB90-4D88-AB6A-84A8C70DA9FC}.Debug|Any CPU.ActiveCfg = Debug|Any CPU
		{72F1FD6B-DB90-4D88-AB6A-84A8C70DA9FC}.Debug|Any CPU.Build.0 = Debug|Any CPU
		{72F1FD6B-DB90-4D88-AB6A-84A8C70DA9FC}.Release|Any CPU.ActiveCfg = Release|Any CPU
		{72F1FD6B-DB90-4D88-AB6A-84A8C70DA9FC}.Release|Any CPU.Build.0 = Release|Any CPU
	EndGlobalSection
	GlobalSection(SolutionProperties) = preSolution
		HideSolutionNode = FALSE
	EndGlobalSection
	GlobalSection(ExtensibilityGlobals) = postSolution
		SolutionGuid = {7020A1B2-3CAB-412F-AC86-5F3D538C9F0F}
	EndGlobalSection
EndGlobal
